
Microsoft Visual Studio Solution File, Format Version 12.00
# Visual Studio Version 17
VisualStudioVersion = 17.5.33530.505
MinimumVisualStudioVersion = 10.0.40219.1
Project("{FAE04EC0-301F-11D3-BF4B-00C04F79EFBC}") = "FolderWatcherService", "FolderWatcherService\FolderWatcherService.csproj", "{57D219C3-4E51-4C05-936D-75C9CE4CD5CD}"
EndProject
Global
	GlobalSection(SolutionConfigurationPlatforms) = preSolution
		Debug|Any CPU = Debug|Any CPU
		Release|Any CPU = Release|Any CPU
	EndGlobalSection
	GlobalSection(ProjectConfigurationPlatforms) = postSolution
		{57D219C3-4E51-4C05-936D-75C9CE4CD5CD}.Debug|Any CPU.ActiveCfg = Debug|Any CPU
		{57D219C3-4E51-4C05-936D-75C9CE4CD5CD}.Debug|Any CPU.Build.0 = Debug|Any CPU
		{57D219C3-4E51-4C05-936D-75C9CE4CD5CD}.Release|Any CPU.ActiveCfg = Release|Any CPU
		{57D219C3-4E51-4C05-936D-75C9CE4CD5CD}.Release|Any CPU.Build.0 = Release|Any CPU
	EndGlobalSection
	GlobalSection(SolutionProperties) = preSolution
		HideSolutionNode = FALSE
	EndGlobalSection
	GlobalSection(ExtensibilityGlobals) = postSolution
		SolutionGuid = {75838517-3720-45AB-AD63-3D2CE9C58FE9}
	EndGlobalSection
EndGlobal
